
Microsoft Visual Studio Solution File, Format Version 12.00
# Visual Studio Version 16
VisualStudioVersion = 16.0.29209.62
MinimumVisualStudioVersion = 10.0.40219.1
Project("{FAE04EC0-301F-11D3-BF4B-00C04F79EFBC}") = "ProjetoCompiladores", "ProjetoCompiladores.csproj", "{3A09747B-1091-4E3B-AFC5-28CD168A4414}"
EndProject
Global
	GlobalSection(SolutionConfigurationPlatforms) = preSolution
		Debug|Any CPU = Debug|Any CPU
		Release|Any CPU = Release|Any CPU
	EndGlobalSection
	GlobalSection(ProjectConfigurationPlatforms) = postSolution
		{3A09747B-1091-4E3B-AFC5-28CD168A4414}.Debug|Any CPU.ActiveCfg = Debug|Any CPU
		{3A09747B-1091-4E3B-AFC5-28CD168A4414}.Debug|Any CPU.Build.0 = Debug|Any CPU
		{3A09747B-1091-4E3B-AFC5-28CD168A4414}.Release|Any CPU.ActiveCfg = Release|Any CPU
		{3A09747B-1091-4E3B-AFC5-28CD168A4414}.Release|Any CPU.Build.0 = Release|Any CPU
	EndGlobalSection
	GlobalSection(SolutionProperties) = preSolution
		HideSolutionNode = FALSE
	EndGlobalSection
	GlobalSection(ExtensibilityGlobals) = postSolution
		SolutionGuid = {FD4B0D6E-3C4A-47AE-AFBB-ED32C893BB52}
	EndGlobalSection
EndGlobal
